
Microsoft Visual Studio Solution File, Format Version 12.00
# Visual Studio Version 17
VisualStudioVersion = 17.2.32602.215
MinimumVisualStudioVersion = 10.0.40219.1
Project("{FAE04EC0-301F-11D3-BF4B-00C04F79EFBC}") = "ColorAmbience", "ColorAmbience\ColorAmbience.csproj", "{CEFA999A-9FB8-496A-9531-0A1ADD0CD8E3}"
EndProject
Global
	GlobalSection(SolutionConfigurationPlatforms) = preSolution
		Debug|Any CPU = Debug|Any CPU
		Release|Any CPU = Release|Any CPU
	EndGlobalSection
	GlobalSection(ProjectConfigurationPlatforms) = postSolution
		{CEFA999A-9FB8-496A-9531-0A1ADD0CD8E3}.Debug|Any CPU.ActiveCfg = Debug|Any CPU
		{CEFA999A-9FB8-496A-9531-0A1ADD0CD8E3}.Debug|Any CPU.Build.0 = Debug|Any CPU
		{CEFA999A-9FB8-496A-9531-0A1ADD0CD8E3}.Release|Any CPU.ActiveCfg = Release|Any CPU
		{CEFA999A-9FB8-496A-9531-0A1ADD0CD8E3}.Release|Any CPU.Build.0 = Release|Any CPU
	EndGlobalSection
	GlobalSection(SolutionProperties) = preSolution
		HideSolutionNode = FALSE
	EndGlobalSection
	GlobalSection(ExtensibilityGlobals) = postSolution
		SolutionGuid = {59AD96F7-A10D-4216-8AAD-3394FE8C2900}
	EndGlobalSection
EndGlobal
